
Microsoft Visual Studio Solution File, Format Version 12.00
# Visual Studio Version 17
VisualStudioVersion = 17.9.34723.18
MinimumVisualStudioVersion = 10.0.40219.1
Project("{FAE04EC0-301F-11D3-BF4B-00C04F79EFBC}") = "DamianWymówki", "DamianWymówki\DamianWymówki.csproj", "{24B0D5A9-5EB3-4190-9C3A-A932ED1C761D}"
EndProject
Global
	GlobalSection(SolutionConfigurationPlatforms) = preSolution
		Debug|Any CPU = Debug|Any CPU
		Release|Any CPU = Release|Any CPU
	EndGlobalSection
	GlobalSection(ProjectConfigurationPlatforms) = postSolution
		{24B0D5A9-5EB3-4190-9C3A-A932ED1C761D}.Debug|Any CPU.ActiveCfg = Debug|Any CPU
		{24B0D5A9-5EB3-4190-9C3A-A932ED1C761D}.Debug|Any CPU.Build.0 = Debug|Any CPU
		{24B0D5A9-5EB3-4190-9C3A-A932ED1C761D}.Release|Any CPU.ActiveCfg = Release|Any CPU
		{24B0D5A9-5EB3-4190-9C3A-A932ED1C761D}.Release|Any CPU.Build.0 = Release|Any CPU
	EndGlobalSection
	GlobalSection(SolutionProperties) = preSolution
		HideSolutionNode = FALSE
	EndGlobalSection
	GlobalSection(ExtensibilityGlobals) = postSolution
		SolutionGuid = {1E669AF3-A9B9-4244-8FAA-B045E234580D}
	EndGlobalSection
EndGlobal
